
Microsoft Visual Studio Solution File, Format Version 12.00
# Visual Studio Version 17
VisualStudioVersion = 17.4.33213.308
MinimumVisualStudioVersion = 10.0.40219.1
Project("{FAE04EC0-301F-11D3-BF4B-00C04F79EFBC}") = "GUIConverter", "GUIConverter.csproj", "{B918E61C-E011-4CC0-A4A1-569C236CF97D}"
EndProject
Global
	GlobalSection(SolutionConfigurationPlatforms) = preSolution
		Debug|Any CPU = Debug|Any CPU
		Release|Any CPU = Release|Any CPU
	EndGlobalSection
	GlobalSection(ProjectConfigurationPlatforms) = postSolution
		{B918E61C-E011-4CC0-A4A1-569C236CF97D}.Debug|Any CPU.ActiveCfg = Debug|Any CPU
		{B918E61C-E011-4CC0-A4A1-569C236CF97D}.Debug|Any CPU.Build.0 = Debug|Any CPU
		{B918E61C-E011-4CC0-A4A1-569C236CF97D}.Release|Any CPU.ActiveCfg = Release|Any CPU
		{B918E61C-E011-4CC0-A4A1-569C236CF97D}.Release|Any CPU.Build.0 = Release|Any CPU
	EndGlobalSection
	GlobalSection(SolutionProperties) = preSolution
		HideSolutionNode = FALSE
	EndGlobalSection
	GlobalSection(ExtensibilityGlobals) = postSolution
		SolutionGuid = {FADDEDA1-325C-42CB-A585-4EBB22C38713}
	EndGlobalSection
EndGlobal
